<?xml version="1.0" encoding="utf-8"?>
<Project ToolsVersion="4.0" xmlns="http://schemas.microsoft.com/developer/msbuild/2003">
  <ItemGroup>
    <Filter Include="Source Files">
      <UniqueIdentifier>{4FC737F1-C7A5-4376-A066-2A32D752A2FF}</UniqueIdentifier>
      <Extensions>qml;cpp;c;cc;cxx;def;odl;idl;hpj;bat;asm;asmx</Extensions>
    </Filter>
    <Filter Include="Header Files">
      <UniqueIdentifier>{93995380-89BD-4b04-88EB-625FBE52EBFB}</UniqueIdentifier>
      <Extensions>h;hh;hpp;hxx;hm;inl;inc;xsd</Extensions>
    </Filter>
    <Filter Include="Test Files">
      <UniqueIdentifier>{d3d2261f-c9fc-4d35-b634-a89ce21ad8e4}</UniqueIdentifier>
    </Filter>
    <Filter Include="Test Files\Requirements">
      <UniqueIdentifier>{9e020a7f-c4dc-45a5-be17-cba4c27cffe8}</UniqueIdentifier>
    </Filter>
    <Filter Include="QT Files">
      <UniqueIdentifier>{f76f3d14-17d9-4132-9283-e6dcb823004d}</UniqueIdentifier>
    </Filter>
  </ItemGroup>
  <ItemGroup>
    <ClCompile Include="main.cpp">
      <Filter>Source Files</Filter>
    </ClCompile>
    <ClCompile Include="PushPopErrors.cpp">
      <Filter>Source Files</Filter>
    </ClCompile>
    <ClCompile Include="branchAndSubroutines.cpp">
      <Filter>Source Files</Filter>
    </ClCompile>
    <ClCompile Include="calculations.cpp">
      <Filter>Source Files</Filter>
    </ClCompile>
    <ClCompile Include="constantsLabelsAndDataElements.cpp">
      <Filter>Source Files</Filter>
    </ClCompile>
    <ClCompile Include="directivesAndDataErrors.cpp">
      <Filter>Source Files</Filter>
    </ClCompile>
    <ClCompile Include="flags.cpp">
      <Filter>Source Files</Filter>
    </ClCompile>
    <ClCompile Include="mainwindow.cpp">
      <Filter>Source Files</Filter>
    </ClCompile>
    <ClCompile Include="constantsLabelsAndDataElements.cpp">
      <Filter>Source Files</Filter>
    </ClCompile>
    <ClCompile Include="Error.cpp">
      <Filter>Source Files</Filter>
    </ClCompile>
    <ClCompile Include="editwindow.cpp">
      <Filter>Source Files</Filter>
    </ClCompile>
    <ClCompile Include="errorwindow.cpp">
      <Filter>Source Files</Filter>
    </ClCompile>
  </ItemGroup>
  <ItemGroup>
    <ClInclude Include="main.h">
      <Filter>Header Files</Filter>
    </ClInclude>
    <ClInclude Include="arm_operators.h">
      <Filter>Header Files</Filter>
    </ClInclude>
    <ClInclude Include="flags.h">
      <Filter>Header Files</Filter>
    </ClInclude>
    <ClInclude Include="PushPopErrors.h">
      <Filter>Header Files</Filter>
    </ClInclude>
    <ClInclude Include="branchAndSubroutines.h">
      <Filter>Header Files</Filter>
    </ClInclude>
    <ClInclude Include="calculations.h">
      <Filter>Header Files</Filter>
    </ClInclude>
    <ClInclude Include="constantsLabelsAndDataElements.h">
      <Filter>Header Files</Filter>
    </ClInclude>
    <ClInclude Include="directivesAndDataErrors.h">
      <Filter>Header Files</Filter>
    </ClInclude>
    <ClInclude Include="constantsLabelsAndDataElements.h">
      <Filter>Header Files</Filter>
    </ClInclude>
  </ItemGroup>
  <ItemGroup>
    <None Include="..\Test Files\Requirements\a1_halstead_primitives.s">
      <Filter>Test Files\Requirements</Filter>
    </None>
    <None Include="..\Test Files\Requirements\a2_cyclomatic_complexity.s">
      <Filter>Test Files\Requirements</Filter>
    </None>
    <None Include="..\Test Files\Requirements\a3_full_line_comments.s">
      <Filter>Test Files\Requirements</Filter>
    </None>
    <None Include="..\Test Files\Requirements\a4_blank_lines.s">
      <Filter>Test Files\Requirements</Filter>
    </None>
    <None Include="..\Test Files\Requirements\a5_code_lines.s">
      <Filter>Test Files\Requirements</Filter>
    </None>
    <None Include="..\Test Files\Requirements\a6_code_lines_comments.s">
      <Filter>Test Files\Requirements</Filter>
    </None>
    <None Include="..\Test Files\Requirements\a7_code_lines_no_comments.s">
      <Filter>Test Files\Requirements</Filter>
    </None>
    <None Include="..\Test Files\Requirements\a8_directives_used.s">
      <Filter>Test Files\Requirements</Filter>
    </None>
    <None Include="..\Test Files\Requirements\b1_registers_by_line.s">
      <Filter>Test Files\Requirements</Filter>
    </None>
    <None Include="..\Test Files\Requirements\b2_subroutine_calls_by_line.s">
      <Filter>Test Files\Requirements</Filter>
    </None>
    <None Include="..\Test Files\Requirements\b3_svc_by_line.s">
      <Filter>Test Files\Requirements</Filter>
    </None>
    <None Include="..\Test Files\Requirements\b4_addressing_modes_by_line.s">
      <Filter>Test Files\Requirements</Filter>
    </None>
    <None Include="..\Test Files\Requirements\b5_directives_by_line.s">
      <Filter>Test Files\Requirements</Filter>
    </None>
    <None Include="..\Test Files\Requirements\c1_strings_no_newline.s">
      <Filter>Test Files\Requirements</Filter>
    </None>
    <None Include="..\Test Files\Requirements\c2_missing_data_section.s">
      <Filter>Test Files\Requirements</Filter>
    </None>
    <None Include="..\Test Files\Requirements\c3_data_before_global.s">
      <Filter>Test Files\Requirements</Filter>
    </None>
    <None Include="..\Test Files\Requirements\c4_use_of_wiped_registers.s">
      <Filter>Test Files\Requirements</Filter>
    </None>
    <None Include="..\Test Files\Requirements\c5_branch_without_saving_lr.s">
      <Filter>Test Files\Requirements</Filter>
    </None>
    <None Include="..\Test Files\Requirements\c6_subroutine_improper_return.s">
      <Filter>Test Files\Requirements</Filter>
    </None>
    <None Include="..\Test Files\Requirements\c7_missing_svc_instr.s">
      <Filter>Test Files\Requirements</Filter>
    </None>
    <None Include="..\Test Files\Requirements\c8_branch_outside_subroutine.s">
      <Filter>Test Files\Requirements</Filter>
    </None>
    <None Include="..\Test Files\Requirements\c9_input_string_definition.s">
      <Filter>Test Files\Requirements</Filter>
    </None>
    <None Include="..\Test Files\Requirements\d1_unset_registers.s">
      <Filter>Test Files\Requirements</Filter>
    </None>
    <None Include="..\Test Files\Requirements\d2_push_without_pop.s">
      <Filter>Test Files\Requirements</Filter>
    </None>
    <None Include="..\Test Files\Requirements\d3_pop_without_push.s">
      <Filter>Test Files\Requirements</Filter>
    </None>
    <None Include="..\Test Files\Requirements\d4_unreferenced_constants.s">
      <Filter>Test Files\Requirements</Filter>
    </None>
    <None Include="..\Test Files\Requirements\d5_unreferenced_labels.s">
      <Filter>Test Files\Requirements</Filter>
    </None>
    <None Include="..\Test Files\Requirements\d6_unreferenced_data_elements.s">
      <Filter>Test Files\Requirements</Filter>
    </None>
    <None Include="..\Test Files\Requirements\d7_flag_update_without_conditional.s">
      <Filter>Test Files\Requirements</Filter>
    </None>
    <None Include="..\Test Files\Requirements\d8_unlabelled_code_after_b.s">
      <Filter>Test Files\Requirements</Filter>
    </None>
    <None Include="..\Test Files\Requirements\e1_unexpected_instructions.s">
      <Filter>Test Files\Requirements</Filter>
    </None>
    <None Include="..\Test Files\Requirements\e2_mov_ldr_restricted_registers.s">
      <Filter>Test Files\Requirements</Filter>
    </None>
    <None Include="..\Test Files\Check_Final.s">
      <Filter>Test Files</Filter>
    </None>
    <None Include="..\Test Files\Johnson-Lab5.s">
      <Filter>Test Files</Filter>
    </None>
    <None Include="..\Test Files\KR_Lab5.s">
      <Filter>Test Files</Filter>
    </None>
    <None Include="..\Test Files\smithlab4.s">
      <Filter>Test Files</Filter>
    </None>
  </ItemGroup>
  <ItemGroup>
    <QtUic Include="editwindow.ui">
      <Filter>QT Files</Filter>
    </QtUic>
    <QtUic Include="errorwindow.ui">
      <Filter>QT Files</Filter>
    </QtUic>
    <QtUic Include="mainwindow.ui">
      <Filter>QT Files</Filter>
    </QtUic>
  </ItemGroup>
  <ItemGroup>
    <QtMoc Include="errorwindow.h">
      <Filter>Header Files</Filter>
    </QtMoc>
    <QtMoc Include="editwindow.h">
      <Filter>Header Files</Filter>
    </QtMoc>
    <QtMoc Include="mainwindow.h">
      <Filter>Header Files</Filter>
    </QtMoc>
  </ItemGroup>
  <ItemGroup>
    <None Include="..\Test Files\Johnson-Lab5.s">
      <Filter>Test Files</Filter>
    </None>
    <None Include="..\Test Files\KR_Lab5.s">
      <Filter>Test Files</Filter>
    </None>
    <None Include="..\Test Files\smithlab4.s">
      <Filter>Test Files</Filter>
    </None>
    <None Include="..\Test Files\Check_Final.s">
      <Filter>Test Files</Filter>
    </None>
  </ItemGroup>
  <ItemGroup>
    <QtRcc Include="SeniorProject2025.qrc">
      <Filter>QT Files</Filter>
    </QtRcc>
  </ItemGroup>
</Project>